
Microsoft Visual Studio Solution File, Format Version 12.00
# Visual Studio Version 17
VisualStudioVersion = 17.2.32616.157
MinimumVisualStudioVersion = 10.0.40219.1
Project("{FAE04EC0-301F-11D3-BF4B-00C04F79EFBC}") = "Sql_Day", "Sql_Day\Sql_Day.csproj", "{86C45C48-9955-418F-9C47-F27F7C9EB11D}"
EndProject
Global
	GlobalSection(SolutionConfigurationPlatforms) = preSolution
		Debug|Any CPU = Debug|Any CPU
		Release|Any CPU = Release|Any CPU
	EndGlobalSection
	GlobalSection(ProjectConfigurationPlatforms) = postSolution
		{86C45C48-9955-418F-9C47-F27F7C9EB11D}.Debug|Any CPU.ActiveCfg = Debug|Any CPU
		{86C45C48-9955-418F-9C47-F27F7C9EB11D}.Debug|Any CPU.Build.0 = Debug|Any CPU
		{86C45C48-9955-418F-9C47-F27F7C9EB11D}.Release|Any CPU.ActiveCfg = Release|Any CPU
		{86C45C48-9955-418F-9C47-F27F7C9EB11D}.Release|Any CPU.Build.0 = Release|Any CPU
	EndGlobalSection
	GlobalSection(SolutionProperties) = preSolution
		HideSolutionNode = FALSE
	EndGlobalSection
	GlobalSection(ExtensibilityGlobals) = postSolution
		SolutionGuid = {B4BA6D3A-6C6D-4E14-A141-88F70E76F52C}
	EndGlobalSection
EndGlobal
